
Microsoft Visual Studio Solution File, Format Version 12.00
# Visual Studio Version 17
VisualStudioVersion = 17.0.32112.339
MinimumVisualStudioVersion = 10.0.40219.1
Project("{FAE04EC0-301F-11D3-BF4B-00C04F79EFBC}") = "01.FileOperation", "01.FileOperation\01.FileOperation.csproj", "{62F856C3-2534-4BA4-AD4D-0DAC9C9280F4}"
EndProject
Global
	GlobalSection(SolutionConfigurationPlatforms) = preSolution
		Debug|Any CPU = Debug|Any CPU
		Release|Any CPU = Release|Any CPU
	EndGlobalSection
	GlobalSection(ProjectConfigurationPlatforms) = postSolution
		{62F856C3-2534-4BA4-AD4D-0DAC9C9280F4}.Debug|Any CPU.ActiveCfg = Debug|Any CPU
		{62F856C3-2534-4BA4-AD4D-0DAC9C9280F4}.Debug|Any CPU.Build.0 = Debug|Any CPU
		{62F856C3-2534-4BA4-AD4D-0DAC9C9280F4}.Release|Any CPU.ActiveCfg = Release|Any CPU
		{62F856C3-2534-4BA4-AD4D-0DAC9C9280F4}.Release|Any CPU.Build.0 = Release|Any CPU
	EndGlobalSection
	GlobalSection(SolutionProperties) = preSolution
		HideSolutionNode = FALSE
	EndGlobalSection
	GlobalSection(ExtensibilityGlobals) = postSolution
		SolutionGuid = {0F01E784-0DD0-4A69-A1C7-5874B040B887}
	EndGlobalSection
EndGlobal
